// !$*UTF8*$!
{
	archiveVersion = 1;
	classes = {
	};
	objectVersion = 50;
	objects = {

/* Begin PBXBuildFile section */
		5CA9028E2669EB12008235CA /* TakeHomeSwiftUIApp.swift in Sources */ = {isa = PBXBuildFile; fileRef = 5CA9028D2669EB12008235CA /* TakeHomeSwiftUIApp.swift */; };
		5CA902902669EB12008235CA /* ContentView.swift in Sources */ = {isa = PBXBuildFile; fileRef = 5CA9028F2669EB12008235CA /* ContentView.swift */; };
		5CA902922669EB13008235CA /* Assets.xcassets in Resources */ = {isa = PBXBuildFile; fileRef = 5CA902912669EB13008235CA /* Assets.xcassets */; };
		5CA902952669EB13008235CA /* Preview Assets.xcassets in Resources */ = {isa = PBXBuildFile; fileRef = 5CA902942669EB13008235CA /* Preview Assets.xcassets */; };
		5CA9029D2669EB2F008235CA /* Network.swift in Sources */ = {isa = PBXBuildFile; fileRef = 5CA9029C2669EB2F008235CA /* Network.swift */; };
		5CA9029F2669EB50008235CA /* CountrySubdivision.swift in Sources */ = {isa = PBXBuildFile; fileRef = 5CA9029E2669EB50008235CA /* CountrySubdivision.swift */; };
/* End PBXBuildFile section */

/* Begin PBXFileReference section */
		5CA9028A2669EB12008235CA /* TakeHomeSwiftUI.app */ = {isa = PBXFileReference; explicitFileType = wrapper.application; includeInIndex = 0; path = TakeHomeSwiftUI.app; sourceTree = BUILT_PRODUCTS_DIR; };
		5CA9028D2669EB12008235CA /* TakeHomeSwiftUIApp.swift */ = {isa = PBXFileReference; lastKnownFileType = sourcecode.swift; path = TakeHomeSwiftUIApp.swift; sourceTree = "<group>"; };
		5CA9028F2669EB12008235CA /* ContentView.swift */ = {isa = PBXFileReference; lastKnownFileType = sourcecode.swift; path = ContentView.swift; sourceTree = "<group>"; };
		5CA902912669EB13008235CA /* Assets.xcassets */ = {isa = PBXFileReference; lastKnownFileType = folder.assetcatalog; path = Assets.xcassets; sourceTree = "<group>"; };
		5CA902942669EB13008235CA /* Preview Assets.xcassets */ = {isa = PBXFileReference; lastKnownFileType = folder.assetcatalog; path = "Preview Assets.xcassets"; sourceTree = "<group>"; };
		5CA902962669EB13008235CA /* Info.plist */ = {isa = PBXFileReference; lastKnownFileType = text.plist.xml; path = Info.plist; sourceTree = "<group>"; };
		5CA9029C2669EB2F008235CA /* Network.swift */ = {isa = PBXFileReference; lastKnownFileType = sourcecode.swift; path = Network.swift; sourceTree = "<group>"; };
		5CA9029E2669EB50008235CA /* CountrySubdivision.swift */ = {isa = PBXFileReference; lastKnownFileType = sourcecode.swift; path = CountrySubdivision.swift; sourceTree = "<group>"; };
/* End PBXFileReference section */

/* Begin PBXFrameworksBuildPhase section */
		5CA902872669EB12008235CA /* Frameworks */ = {
			isa = PBXFrameworksBuildPhase;
			buildActionMask = 2147483647;
			files = (
			);
			runOnlyForDeploymentPostprocessing = 0;
		};
/* End PBXFrameworksBuildPhase section */

/* Begin PBXGroup section */
		5CA902812669EB12008235CA = {
			isa = PBXGroup;
			children = (
				5CA9028C2669EB12008235CA /* TakeHomeSwiftUI */,
				5CA9028B2669EB12008235CA /* Products */,
			);
			sourceTree = "<group>";
		};
		5CA9028B2669EB12008235CA /* Products */ = {
			isa = PBXGroup;
			children = (
				5CA9028A2669EB12008235CA /* TakeHomeSwiftUI.app */,
			);
			name = Products;
			sourceTree = "<group>";
		};
		5CA9028C2669EB12008235CA /* TakeHomeSwiftUI */ = {
			isa = PBXGroup;
			children = (
				5CA9028D2669EB12008235CA /* TakeHomeSwiftUIApp.swift */,
				5CA9028F2669EB12008235CA /* ContentView.swift */,
				5CA9029C2669EB2F008235CA /* Network.swift */,
				5CA9029E2669EB50008235CA /* CountrySubdivision.swift */,
				5CA902912669EB13008235CA /* Assets.xcassets */,
				5CA902962669EB13008235CA /* Info.plist */,
				5CA902932669EB13008235CA /* Preview Content */,
			);
			path = TakeHomeSwiftUI;
			sourceTree = "<group>";
		};
		5CA902932669EB13008235CA /* Preview Content */ = {
			isa = PBXGroup;
			children = (
				5CA902942669EB13008235CA /* Preview Assets.xcassets */,
			);
			path = "Preview Content";
			sourceTree = "<group>";
		};
/* End PBXGroup section */

/* Begin PBXNativeTarget section */
		5CA902892669EB12008235CA /* TakeHomeSwiftUI */ = {
			isa = PBXNativeTarget;
			buildConfigurationList = 5CA902992669EB13008235CA /* Build configuration list for PBXNativeTarget "TakeHomeSwiftUI" */;
			buildPhases = (
				5CA902862669EB12008235CA /* Sources */,
				5CA902872669EB12008235CA /* Frameworks */,
				5CA902882669EB12008235CA /* Resources */,
			);
			buildRules = (
			);
			dependencies = (
			);
			name = TakeHomeSwiftUI;
			productName = TakeHomeSwiftUI;
			productReference = 5CA9028A2669EB12008235CA /* TakeHomeSwiftUI.app */;
			productType = "com.apple.product-type.application";
		};
/* End PBXNativeTarget section */

/* Begin PBXProject section */
		5CA902822669EB12008235CA /* Project object */ = {
			isa = PBXProject;
			attributes = {
				LastSwiftUpdateCheck = 1250;
				LastUpgradeCheck = 1250;
				TargetAttributes = {
					5CA902892669EB12008235CA = {
						CreatedOnToolsVersion = 12.5;
					};
				};
			};
			buildConfigurationList = 5CA902852669EB12008235CA /* Build configuration list for PBXProject "TakeHomeSwiftUI" */;
			compatibilityVersion = "Xcode 9.3";
			developmentRegion = en;
			hasScannedForEncodings = 0;
			knownRegions = (
				en,
				Base,
			);
			mainGroup = 5CA902812669EB12008235CA;
			productRefGroup = 5CA9028B2669EB12008235CA /* Products */;
			projectDirPath = "";
			projectRoot = "";
			targets = (
				5CA902892669EB12008235CA /* TakeHomeSwiftUI */,
			);
		};
/* End PBXProject section */

/* Begin PBXResourcesBuildPhase section */
		5CA902882669EB12008235CA /* Resources */ = {
			isa = PBXResourcesBuildPhase;
			buildActionMask = 2147483647;
			files = (
				5CA902952669EB13008235CA /* Preview Assets.xcassets in Resources */,
				5CA902922669EB13008235CA /* Assets.xcassets in Resources */,
			);
			runOnlyForDeploymentPostprocessing = 0;
		};
/* End PBXResourcesBuildPhase section */

/* Begin PBXSourcesBuildPhase section */
		5CA902862669EB12008235CA /* Sources */ = {
			isa = PBXSourcesBuildPhase;
			buildActionMask = 2147483647;
			files = (
				5CA902902669EB12008235CA /* ContentView.swift in Sources */,
				5CA9028E2669EB12008235CA /* TakeHomeSwiftUIApp.swift in Sources */,
				5CA9029F2669EB50008235CA /* CountrySubdivision.swift in Sources */,
				5CA9029D2669EB2F008235CA /* Network.swift in Sources */,
			);
			runOnlyForDeploymentPostprocessing = 0;
		};
/* End PBXSourcesBuildPhase section */

/* Begin XCBuildConfiguration section */
		5CA902972669EB13008235CA /* Debug */ = {
			isa = XCBuildConfiguration;
			buildSettings = {
				ALWAYS_SEARCH_USER_PATHS = NO;
				CLANG_ANALYZER_NONNULL = YES;
				CLANG_ANALYZER_NUMBER_OBJECT_CONVERSION = YES_AGGRESSIVE;
				CLANG_CXX_LANGUAGE_STANDARD = "gnu++14";
				CLANG_CXX_LIBRARY = "libc++";
				CLANG_ENABLE_MODULES = YES;
				CLANG_ENABLE_OBJC_ARC = YES;
				CLANG_ENABLE_OBJC_WEAK = YES;
				CLANG_WARN_BLOCK_CAPTURE_AUTORELEASING = YES;
				CLANG_WARN_BOOL_CONVERSION = YES;
				CLANG_WARN_COMMA = YES;
				CLANG_WARN_CONSTANT_CONVERSION = YES;
				CLANG_WARN_DEPRECATED_OBJC_IMPLEMENTATIONS = YES;
				CLANG_WARN_DIRECT_OBJC_ISA_USAGE = YES_ERROR;
				CLANG_WARN_DOCUMENTATION_COMMENTS = YES;
				CLANG_WARN_EMPTY_BODY = YES;
				CLANG_WARN_ENUM_CONVERSION = YES;
				CLANG_WARN_INFINITE_RECURSION = YES;
				CLANG_WARN_INT_CONVERSION = YES;
				CLANG_WARN_NON_LITERAL_NULL_CONVERSION = YES;
				CLANG_WARN_OBJC_IMPLICIT_RETAIN_SELF = YES;
				CLANG_WARN_OBJC_LITERAL_CONVERSION = YES;
				CLANG_WARN_OBJC_ROOT_CLASS = YES_ERROR;
				CLANG_WARN_QUOTED_INCLUDE_IN_FRAMEWORK_HEADER = YES;
				CLANG_WARN_RANGE_LOOP_ANALYSIS = YES;
				CLANG_WARN_STRICT_PROTOTYPES = YES;
				CLANG_WARN_SUSPICIOUS_MOVE = YES;
				CLANG_WARN_UNGUARDED_AVAILABILITY = YES_AGGRESSIVE;
				CLANG_WARN_UNREACHABLE_CODE = YES;
				CLANG_WARN__DUPLICATE_METHOD_MATCH = YES;
				COPY_PHASE_STRIP = NO;
				DEBUG_INFORMATION_FORMAT = dwarf;
				ENABLE_STRICT_OBJC_MSGSEND = YES;
				ENABLE_TESTABILITY = YES;
				GCC_C_LANGUAGE_STANDARD = gnu11;
				GCC_DYNAMIC_NO_PIC = NO;
				GCC_NO_COMMON_BLOCKS = YES;
				GCC_OPTIMIZATION_LEVEL = 0;
				GCC_PREPROCESSOR_DEFINITIONS = (
					"DEBUG=1",
					"$(inherited)",
				);
				GCC_WARN_64_TO_32_BIT_CONVERSION = YES;
				GCC_WARN_ABOUT_RETURN_TYPE = YES_ERROR;
				GCC_WARN_UNDECLARED_SELECTOR = YES;
				GCC_WARN_UNINITIALIZED_AUTOS = YES_AGGRESSIVE;
				GCC_WARN_UNUSED_FUNCTION = YES;
				GCC_WARN_UNUSED_VARIABLE = YES;
				IPHONEOS_DEPLOYMENT_TARGET = 14.5;
				MTL_ENABLE_DEBUG_INFO = INCLUDE_SOURCE;
				MTL_FAST_MATH = YES;
				ONLY_ACTIVE_ARCH = YES;
				SDKROOT = iphoneos;
				SWIFT_ACTIVE_COMPILATION_CONDITIONS = DEBUG;
				SWIFT_OPTIMIZATION_LEVEL = "-Onone";
			};
			name = Debug;
		};
		5CA902982669EB13008235CA /* Release */ = {
			isa = XCBuildConfiguration;
			buildSettings = {
				ALWAYS_SEARCH_USER_PATHS = NO;
				CLANG_ANALYZER_NONNULL = YES;
				CLANG_ANALYZER_NUMBER_OBJECT_CONVERSION = YES_AGGRESSIVE;
				CLANG_CXX_LANGUAGE_STANDARD = "gnu++14";
				CLANG_CXX_LIBRARY = "libc++";
				CLANG_ENABLE_MODULES = YES;
				CLANG_ENABLE_OBJC_ARC = YES;
				CLANG_ENABLE_OBJC_WEAK = YES;
				CLANG_WARN_BLOCK_CAPTURE_AUTORELEASING = YES;
				CLANG_WARN_BOOL_CONVERSION = YES;
				CLANG_WARN_COMMA = YES;
				CLANG_WARN_CONSTANT_CONVERSION = YES;
				CLANG_WARN_DEPRECATED_OBJC_IMPLEMENTATIONS = YES;
				CLANG_WARN_DIRECT_OBJC_ISA_USAGE = YES_ERROR;
				CLANG_WARN_DOCUMENTATION_COMMENTS = YES;
				CLANG_WARN_EMPTY_BODY = YES;
				CLANG_WARN_ENUM_CONVERSION = YES;
				CLANG_WARN_INFINITE_RECURSION = YES;
				CLANG_WARN_INT_CONVERSION = YES;
				CLANG_WARN_NON_LITERAL_NULL_CONVERSION = YES;
				CLANG_WARN_OBJC_IMPLICIT_RETAIN_SELF = YES;
				CLANG_WARN_OBJC_LITERAL_CONVERSION = YES;
				CLANG_WARN_OBJC_ROOT_CLASS = YES_ERROR;
				CLANG_WARN_QUOTED_INCLUDE_IN_FRAMEWORK_HEADER = YES;
				CLANG_WARN_RANGE_LOOP_ANALYSIS = YES;
				CLANG_WARN_STRICT_PROTOTYPES = YES;
				CLANG_WARN_SUSPICIOUS_MOVE = YES;
				CLANG_WARN_UNGUARDED_AVAILABILITY = YES_AGGRESSIVE;
				CLANG_WARN_UNREACHABLE_CODE = YES;
				CLANG_WARN__DUPLICATE_METHOD_MATCH = YES;
				COPY_PHASE_STRIP = NO;
				DEBUG_INFORMATION_FORMAT = "dwarf-with-dsym";
				ENABLE_NS_ASSERTIONS = NO;
				ENABLE_STRICT_OBJC_MSGSEND = YES;
				GCC_C_LANGUAGE_STANDARD = gnu11;
				GCC_NO_COMMON_BLOCKS = YES;
				GCC_WARN_64_TO_32_BIT_CONVERSION = YES;
				GCC_WARN_ABOUT_RETURN_TYPE = YES_ERROR;
				GCC_WARN_UNDECLARED_SELECTOR = YES;
				GCC_WARN_UNINITIALIZED_AUTOS = YES_AGGRESSIVE;
				GCC_WARN_UNUSED_FUNCTION = YES;
				GCC_WARN_UNUSED_VARIABLE = YES;
				IPHONEOS_DEPLOYMENT_TARGET = 14.5;
				MTL_ENABLE_DEBUG_INFO = NO;
				MTL_FAST_MATH = YES;
				SDKROOT = iphoneos;
				SWIFT_COMPILATION_MODE = wholemodule;
				SWIFT_OPTIMIZATION_LEVEL = "-O";
				VALIDATE_PRODUCT = YES;
			};
			name = Release;
		};
		5CA9029A2669EB13008235CA /* Debug */ = {
			isa = XCBuildConfiguration;
			buildSettings = {
				ASSETCATALOG_COMPILER_APPICON_NAME = AppIcon;
				ASSETCATALOG_COMPILER_GLOBAL_ACCENT_COLOR_NAME = AccentColor;
				CODE_SIGN_STYLE = Automatic;
				DEVELOPMENT_ASSET_PATHS = "\"TakeHomeSwiftUI/Preview Content\"";
				DEVELOPMENT_TEAM = WV6G54RDCF;
				ENABLE_PREVIEWS = YES;
				INFOPLIST_FILE = TakeHomeSwiftUI/Info.plist;
				IPHONEOS_DEPLOYMENT_TARGET = 14.0;
				LD_RUNPATH_SEARCH_PATHS = (
					"$(inherited)",
					"@executable_path/Frameworks",
				);
				PRODUCT_BUNDLE_IDENTIFIER = com.carestatnow.TakeHomeSwiftUI;
				PRODUCT_NAME = "$(TARGET_NAME)";
				SWIFT_VERSION = 5.0;
				TARGETED_DEVICE_FAMILY = "1,2";
			};
			name = Debug;
		};
		5CA9029B2669EB13008235CA /* Release */ = {
			isa = XCBuildConfiguration;
			buildSettings = {
				ASSETCATALOG_COMPILER_APPICON_NAME = AppIcon;
				ASSETCATALOG_COMPILER_GLOBAL_ACCENT_COLOR_NAME = AccentColor;
				CODE_SIGN_STYLE = Automatic;
				DEVELOPMENT_ASSET_PATHS = "\"TakeHomeSwiftUI/Preview Content\"";
				DEVELOPMENT_TEAM = 9Q9B4KL97P;
				ENABLE_PREVIEWS = YES;
				INFOPLIST_FILE = TakeHomeSwiftUI/Info.plist;
				IPHONEOS_DEPLOYMENT_TARGET = 14.0;
				LD_RUNPATH_SEARCH_PATHS = (
					"$(inherited)",
					"@executable_path/Frameworks",
				);
				PRODUCT_BUNDLE_IDENTIFIER = com.carestatnow.SimpleiOS;
				PRODUCT_NAME = "$(TARGET_NAME)";
				SWIFT_VERSION = 5.0;
				TARGETED_DEVICE_FAMILY = "1,2";
			};
			name = Release;
		};
/* End XCBuildConfiguration section */

/* Begin XCConfigurationList section */
		5CA902852669EB12008235CA /* Build configuration list for PBXProject "TakeHomeSwiftUI" */ = {
			isa = XCConfigurationList;
			buildConfigurations = (
				5CA902972669EB13008235CA /* Debug */,
				5CA902982669EB13008235CA /* Release */,
			);
			defaultConfigurationIsVisible = 0;
			defaultConfigurationName = Release;
		};
		5CA902992669EB13008235CA /* Build configuration list for PBXNativeTarget "TakeHomeSwiftUI" */ = {
			isa = XCConfigurationList;
			buildConfigurations = (
				5CA9029A2669EB13008235CA /* Debug */,
				5CA9029B2669EB13008235CA /* Release */,
			);
			defaultConfigurationIsVisible = 0;
			defaultConfigurationName = Release;
		};
/* End XCConfigurationList section */
	};
	rootObject = 5CA902822669EB12008235CA /* Project object */;
}
